
Microsoft Visual Studio Solution File, Format Version 12.00
# Visual Studio Version 17
VisualStudioVersion = 17.14.36327.8 d17.14
MinimumVisualStudioVersion = 10.0.40219.1
Project("{FAE04EC0-301F-11D3-BF4B-00C04F79EFBC}") = "MauiAppCompras", "MauiAppCompras\MauiAppCompras.csproj", "{64BB2B8A-D5F3-484C-8899-CB776C05EE31}"
EndProject
Global
	GlobalSection(SolutionConfigurationPlatforms) = preSolution
		Debug|Any CPU = Debug|Any CPU
		Release|Any CPU = Release|Any CPU
	EndGlobalSection
	GlobalSection(ProjectConfigurationPlatforms) = postSolution
		{64BB2B8A-D5F3-484C-8899-CB776C05EE31}.Debug|Any CPU.ActiveCfg = Debug|Any CPU
		{64BB2B8A-D5F3-484C-8899-CB776C05EE31}.Debug|Any CPU.Build.0 = Debug|Any CPU
		{64BB2B8A-D5F3-484C-8899-CB776C05EE31}.Debug|Any CPU.Deploy.0 = Debug|Any CPU
		{64BB2B8A-D5F3-484C-8899-CB776C05EE31}.Release|Any CPU.ActiveCfg = Release|Any CPU
		{64BB2B8A-D5F3-484C-8899-CB776C05EE31}.Release|Any CPU.Build.0 = Release|Any CPU
		{64BB2B8A-D5F3-484C-8899-CB776C05EE31}.Release|Any CPU.Deploy.0 = Release|Any CPU
	EndGlobalSection
	GlobalSection(SolutionProperties) = preSolution
		HideSolutionNode = FALSE
	EndGlobalSection
	GlobalSection(ExtensibilityGlobals) = postSolution
		SolutionGuid = {868EDD84-DC57-48C6-8DAF-D219462A1A3E}
	EndGlobalSection
EndGlobal
